
Microsoft Visual Studio Solution File, Format Version 12.00
# Visual Studio 15
VisualStudioVersion = 15.0.28307.421
MinimumVisualStudioVersion = 10.0.40219.1
Project("{F184B08F-C81C-45F6-A57F-5ABD9991F28F}") = "AxiomRandomizer", "AxiomRandomizer\AxiomRandomizer.vbproj", "{F1B94AA1-63A6-4794-8635-741F511612BF}"
EndProject
Global
	GlobalSection(SolutionConfigurationPlatforms) = preSolution
		Debug|Any CPU = Debug|Any CPU
		Release|Any CPU = Release|Any CPU
	EndGlobalSection
	GlobalSection(ProjectConfigurationPlatforms) = postSolution
		{F1B94AA1-63A6-4794-8635-741F511612BF}.Debug|Any CPU.ActiveCfg = Debug|Any CPU
		{F1B94AA1-63A6-4794-8635-741F511612BF}.Debug|Any CPU.Build.0 = Debug|Any CPU
		{F1B94AA1-63A6-4794-8635-741F511612BF}.Release|Any CPU.ActiveCfg = Release|Any CPU
		{F1B94AA1-63A6-4794-8635-741F511612BF}.Release|Any CPU.Build.0 = Release|Any CPU
	EndGlobalSection
	GlobalSection(SolutionProperties) = preSolution
		HideSolutionNode = FALSE
	EndGlobalSection
	GlobalSection(ExtensibilityGlobals) = postSolution
		SolutionGuid = {A31459F8-909F-4371-8727-D63EDCD3F3A7}
	EndGlobalSection
EndGlobal
